
Microsoft Visual Studio Solution File, Format Version 12.00
# Visual Studio 2015
Project("{FAE04EC0-301F-11D3-BF4B-00C04F79EFBC}") = "WouterUjvari_GMD1A_Inventory.CSharp", "WouterUjvari_GMD1A_Inventory.CSharp.csproj", "{EBCD5EBE-F323-D3DF-2DFC-75B7800131B2}"
EndProject
Global
	GlobalSection(SolutionConfigurationPlatforms) = preSolution
		Debug|Any CPU = Debug|Any CPU
		Release|Any CPU = Release|Any CPU
	EndGlobalSection
	GlobalSection(ProjectConfigurationPlatforms) = postSolution
		{EBCD5EBE-F323-D3DF-2DFC-75B7800131B2}.Debug|Any CPU.ActiveCfg = Debug|Any CPU
		{EBCD5EBE-F323-D3DF-2DFC-75B7800131B2}.Debug|Any CPU.Build.0 = Debug|Any CPU
		{EBCD5EBE-F323-D3DF-2DFC-75B7800131B2}.Release|Any CPU.ActiveCfg = Release|Any CPU
		{EBCD5EBE-F323-D3DF-2DFC-75B7800131B2}.Release|Any CPU.Build.0 = Release|Any CPU
	EndGlobalSection
	GlobalSection(SolutionProperties) = preSolution
		HideSolutionNode = FALSE
	EndGlobalSection
EndGlobal
